version = 1
requires-python = ">=3.10"

[[package]]
name = "cffi"
version = "1.17.1"
source = { registry = "https://pypi.org/simple" }
dependencies = [
    { name = "pycparser" },
]
sdist = { url = "https://files.pythonhosted.org/packages/fc/97/c783634659c2920c3fc70419e3af40972dbaf758daa229a7d6ea6135c90d/cffi-1.17.1.tar.gz", hash = "sha256:1c39c6016c32bc48dd54561950ebd6836e1670f2ae46128f67cf49e789c52824", size = 516621 }
wheels = [
    { url = "https://files.pythonhosted.org/packages/f8/fe/4d41c2f200c4a457933dbd98d3cf4e911870877bd94d9656cc0fcb390681/cffi-1.17.1-cp310-cp310-win32.whl", hash = "sha256:c9c3d058ebabb74db66e431095118094d06abf53284d9c81f27300d0e0d8bc7c", size = 171804 },
    { url = "https://files.pythonhosted.org/packages/d1/b6/0b0f5ab93b0df4acc49cae758c81fe4e5ef26c3ae2e10cc69249dfd8b3ab/cffi-1.17.1-cp310-cp310-win_amd64.whl", hash = "sha256:0f048dcf80db46f0098ccac01132761580d28e28bc0f78ae0d58048063317e15", size = 181299 },
    { url = "https://files.pythonhosted.org/packages/34/33/e1b8a1ba29025adbdcda5fb3a36f94c03d771c1b7b12f726ff7fef2ebe36/cffi-1.17.1-cp311-cp311-win32.whl", hash = "sha256:85a950a4ac9c359340d5963966e3e0a94a676bd6245a4b55bc43949eee26a655", size = 171727 },
    { url = "https://files.pythonhosted.org/packages/3d/97/50228be003bb2802627d28ec0627837ac0bf35c90cf769812056f235b2d1/cffi-1.17.1-cp311-cp311-win_amd64.whl", hash = "sha256:caaf0640ef5f5517f49bc275eca1406b0ffa6aa184892812030f04c2abf589a0", size = 181400 },
    { url = "https://files.pythonhosted.org/packages/86/c5/28b2d6f799ec0bdecf44dced2ec5ed43e0eb63097b0f58c293583b406582/cffi-1.17.1-cp312-cp312-win32.whl", hash = "sha256:a08d7e755f8ed21095a310a693525137cfe756ce62d066e53f502a83dc550f65", size = 172448 },
    { url = "https://files.pythonhosted.org/packages/50/b9/db34c4755a7bd1cb2d1603ac3863f22bcecbd1ba29e5ee841a4bc510b294/cffi-1.17.1-cp312-cp312-win_amd64.whl", hash = "sha256:51392eae71afec0d0c8fb1a53b204dbb3bcabcb3c9b807eedf3e1e6ccf2de903", size = 181976 },
    { url = "https://files.pythonhosted.org/packages/bf/ee/f94057fa6426481d663b88637a9a10e859e492c73d0384514a17d78ee205/cffi-1.17.1-cp313-cp313-win32.whl", hash = "sha256:e03eab0a8677fa80d646b5ddece1cbeaf556c313dcfac435ba11f107ba117b5d", size = 172475 },
    { url = "https://files.pythonhosted.org/packages/7c/fc/6a8cb64e5f0324877d503c854da15d76c1e50eb722e320b15345c4d0c6de/cffi-1.17.1-cp313-cp313-win_amd64.whl", hash = "sha256:f6a16c31041f09ead72d69f583767292f750d24913dadacf5756b966aacb3f1a", size = 182009 },
]

[[package]]
name = "gevent"
version = "21.8.0"
source = { registry = "https://pypi.org/simple" }
dependencies = [
    { name = "cffi", marker = "platform_python_implementation == 'CPython' and sys_platform == 'win32'" },
    { name = "greenlet", marker = "platform_python_implementation == 'CPython'" },
    { name = "setuptools" },
    { name = "zope-event" },
    { name = "zope-interface" },
]
sdist = { url = "https://files.pythonhosted.org/packages/33/2e/49317db0bbd846720ce15fd43641b17a208e6466c582ecbe845e35092ea2/gevent-21.8.0.tar.gz", hash = "sha256:43e93e1a4738c922a2416baf33f0afb0a20b22d3dba886720bc037cd02a98575", size = 6162938 }
wheels = [
    { url = "https://files.pythonhosted.org/packages/c4/42/eb6ccf5a71468470da9d91a4469ea20ab35cd0f7e34abdac6c4a3489538a/gevent-21.8.0-cp310-cp310-macosx_10_14_x86_64.whl", hash = "sha256:90131877d3ce1a05da1b718631860815b89ff44e93c42d168c9c9e8893b26318", size = 1860923 },
    { url = "https://files.pythonhosted.org/packages/06/fc/d27979f88453a2383eea42f3b56b9c4a749af9364f0d863f1152dcfcf15f/gevent-21.8.0-cp310-cp310-win_amd64.whl", hash = "sha256:3f5ba654bdd3c774079b553fef535ede5b52c7abd224cb235a15da90ae36251b", size = 1618039 },
    { url = "https://files.pythonhosted.org/packages/de/52/7c8e5e1588200ce441806a5c18d4858bb92e3e8a5a4a5042bc8fe6a3b267/gevent-21.8.0-pp27-pypy_73-win32.whl", hash = "sha256:b10c3326edb76ec3049646dc5131608d6d3733b5adfc75d34852028ecc67c52c", size = 850922 },
]

[[package]]
name = "greenlet"
version = "1.1.3.post0"
source = { registry = "https://pypi.org/simple" }
sdist = { url = "https://files.pythonhosted.org/packages/ea/37/e54ce453b298e890f59dba3db32461579328a07d5b65e3eabf80f971c099/greenlet-1.1.3.post0.tar.gz", hash = "sha256:f5e09dc5c6e1796969fd4b775ea1417d70e49a5df29aaa8e5d10675d9e11872c", size = 91784 }
wheels = [
    { url = "https://files.pythonhosted.org/packages/7c/c9/a4d77c0d9395a48560154470bbd79f14960ad4b6a16a10233881ca384d2d/greenlet-1.1.3.post0-cp310-cp310-macosx_10_15_x86_64.whl", hash = "sha256:f6661b58412879a2aa099abb26d3c93e91dedaba55a6394d1fb1512a77e85de9", size = 93996 },
    { url = "https://files.pythonhosted.org/packages/bf/a9/374f33142e3b6058f1403f15289f0b4ffd3fc067982c16fef5489a7f2e39/greenlet-1.1.3.post0-cp310-cp310-manylinux_2_17_aarch64.manylinux2014_aarch64.whl", hash = "sha256:2c6e942ca9835c0b97814d14f78da453241837419e0d26f7403058e8db3e38f8", size = 157440 },
    { url = "https://files.pythonhosted.org/packages/3c/19/ae42cfb96a20e3b5bc0ebb1a9ce42940de1b522414396bad1d5d1abfa93a/greenlet-1.1.3.post0-cp310-cp310-manylinux_2_17_ppc64le.manylinux2014_ppc64le.whl", hash = "sha256:a812df7282a8fc717eafd487fccc5ba40ea83bb5b13eb3c90c446d88dbdfd2be", size = 161005 },
    { url = "https://files.pythonhosted.org/packages/77/77/206360c55000e29c1509899df7b2edb9e9a1fa01bb013bdaebd0a9837252/greenlet-1.1.3.post0-cp310-cp310-manylinux_2_17_x86_64.manylinux2014_x86_64.whl", hash = "sha256:83a7a6560df073ec9de2b7cb685b199dfd12519bc0020c62db9d1bb522f989fa", size = 156256 },
    { url = "https://files.pythonhosted.org/packages/af/3f/8c27cce2330959125cc707fa1c835d415dc45c1f566b2f8504cc3a6d266e/greenlet-1.1.3.post0-cp310-cp310-musllinux_1_1_aarch64.whl", hash = "sha256:17a69967561269b691747e7f436d75a4def47e5efcbc3c573180fc828e176d80", size = 699584 },
    { url = "https://files.pythonhosted.org/packages/5b/9f/ab2bb73975df5d234b5cc5283597cc773487f471f24f6646335660d36a12/greenlet-1.1.3.post0-cp310-cp310-musllinux_1_1_x86_64.whl", hash = "sha256:60839ab4ea7de6139a3be35b77e22e0398c270020050458b3d25db4c7c394df5", size = 711163 },
    { url = "https://files.pythonhosted.org/packages/85/9c/bbb5c8819434fe15b501ae767fed653534bfd281e11b98ea0b524640de59/greenlet-1.1.3.post0-cp310-cp310-win_amd64.whl", hash = "sha256:8926a78192b8b73c936f3e87929931455a6a6c6c385448a07b9f7d1072c19ff3", size = 101911 },
    { url = "https://files.pythonhosted.org/packages/a2/4f/083b82f5653c26507c01f0a2323d1b39a3fbff4eef29b626ac9610ec0cdc/greenlet-1.1.3.post0-cp311-cp311-macosx_10_15_x86_64.whl", hash = "sha256:c6f90234e4438062d6d09f7d667f79edcc7c5e354ba3a145ff98176f974b8132", size = 94046 },
    { url = "https://files.pythonhosted.org/packages/1e/27/4a2d6fb832686911d541e8fb31c841e0daf67987f9956dbe1ae2db78f017/greenlet-1.1.3.post0-cp311-cp311-manylinux_2_17_aarch64.manylinux2014_aarch64.whl", hash = "sha256:814f26b864ed2230d3a7efe0336f5766ad012f94aad6ba43a7c54ca88dd77cba", size = 162526 },
    { url = "https://files.pythonhosted.org/packages/2f/67/ba912a4b283ed6bf5751fc4849b006f43d9ce2e4989f325d18aa716786f8/greenlet-1.1.3.post0-cp311-cp311-manylinux_2_17_ppc64le.manylinux2014_ppc64le.whl", hash = "sha256:8fda1139d87ce5f7bd80e80e54f9f2c6fe2f47983f1a6f128c47bf310197deb6", size = 166025 },
    { url = "https://files.pythonhosted.org/packages/2e/0d/3402b278a122d30128d51941b10bb41395aec5a56e7cf744401c804c0d31/greenlet-1.1.3.post0-cp311-cp311-manylinux_2_17_x86_64.manylinux2014_x86_64.whl", hash = "sha256:c0643250dd0756f4960633f5359884f609a234d4066686754e834073d84e9b51", size = 161349 },
    { url = "https://files.pythonhosted.org/packages/8c/67/28bbd5c221f84c14e30c751b9bc1c5e76591f76f02a085a8bdecb43327ff/greenlet-1.1.3.post0-cp311-cp311-musllinux_1_1_aarch64.whl", hash = "sha256:cb863057bed786f6622982fb8b2c122c68e6e9eddccaa9fa98fd937e45ee6c4f", size = 704967 },
    { url = "https://files.pythonhosted.org/packages/bf/47/8f9d94fbeb832262060ad1bee8f805369cce28f378a29071fab5f969ddbc/greenlet-1.1.3.post0-cp311-cp311-musllinux_1_1_x86_64.whl", hash = "sha256:8c0581077cf2734569f3e500fab09c0ff6a2ab99b1afcacbad09b3c2843ae743", size = 716514 },
]

[[package]]
name = "hello"
version = "0.1.0"
source = { virtual = "." }
dependencies = [
    { name = "gevent" },
]

[package.metadata]
requires-dist = [{ name = "gevent", specifier = "==21.8.0" }]

[[package]]
name = "pycparser"
version = "2.22"
source = { registry = "https://pypi.org/simple" }
sdist = { url = "https://files.pythonhosted.org/packages/1d/b2/31537cf4b1ca988837256c910a668b553fceb8f069bedc4b1c826024b52c/pycparser-2.22.tar.gz", hash = "sha256:491c8be9c040f5390f5bf44a5b07752bd07f56edf992381b05c701439eec10f6", size = 172736 }
wheels = [
    { url = "https://files.pythonhosted.org/packages/13/a3/a812df4e2dd5696d1f351d58b8fe16a405b234ad2886a0dab9183fb78109/pycparser-2.22-py3-none-any.whl", hash = "sha256:c3702b6d3dd8c7abc1afa565d7e63d53a1d0bd86cdc24edd75470f4de499cfcc", size = 117552 },
]

[[package]]
name = "setuptools"
version = "75.6.0"
source = { registry = "https://pypi.org/simple" }
sdist = { url = "https://files.pythonhosted.org/packages/43/54/292f26c208734e9a7f067aea4a7e282c080750c4546559b58e2e45413ca0/setuptools-75.6.0.tar.gz", hash = "sha256:8199222558df7c86216af4f84c30e9b34a61d8ba19366cc914424cdbd28252f6", size = 1337429 }
wheels = [
    { url = "https://files.pythonhosted.org/packages/55/21/47d163f615df1d30c094f6c8bbb353619274edccf0327b185cc2493c2c33/setuptools-75.6.0-py3-none-any.whl", hash = "sha256:ce74b49e8f7110f9bf04883b730f4765b774ef3ef28f722cce7c273d253aaf7d", size = 1224032 },
]

[[package]]
name = "zope-event"
version = "5.0"
source = { registry = "https://pypi.org/simple" }
dependencies = [
    { name = "setuptools" },
]
sdist = { url = "https://files.pythonhosted.org/packages/46/c2/427f1867bb96555d1d34342f1dd97f8c420966ab564d58d18469a1db8736/zope.event-5.0.tar.gz", hash = "sha256:bac440d8d9891b4068e2b5a2c5e2c9765a9df762944bda6955f96bb9b91e67cd", size = 17350 }
wheels = [
    { url = "https://files.pythonhosted.org/packages/fe/42/f8dbc2b9ad59e927940325a22d6d3931d630c3644dae7e2369ef5d9ba230/zope.event-5.0-py3-none-any.whl", hash = "sha256:2832e95014f4db26c47a13fdaef84cef2f4df37e66b59d8f1f4a8f319a632c26", size = 6824 },
]

[[package]]
name = "zope-interface"
version = "7.2"
source = { registry = "https://pypi.org/simple" }
dependencies = [
    { name = "setuptools" },
]
sdist = { url = "https://files.pythonhosted.org/packages/30/93/9210e7606be57a2dfc6277ac97dcc864fd8d39f142ca194fdc186d596fda/zope.interface-7.2.tar.gz", hash = "sha256:8b49f1a3d1ee4cdaf5b32d2e738362c7f5e40ac8b46dd7d1a65e82a4872728fe", size = 252960 }
wheels = [
    { url = "https://files.pythonhosted.org/packages/76/71/e6177f390e8daa7e75378505c5ab974e0bf59c1d3b19155638c7afbf4b2d/zope.interface-7.2-cp310-cp310-macosx_10_9_x86_64.whl", hash = "sha256:ce290e62229964715f1011c3dbeab7a4a1e4971fd6f31324c4519464473ef9f2", size = 208243 },
    { url = "https://files.pythonhosted.org/packages/52/db/7e5f4226bef540f6d55acfd95cd105782bc6ee044d9b5587ce2c95558a5e/zope.interface-7.2-cp310-cp310-macosx_11_0_arm64.whl", hash = "sha256:05b910a5afe03256b58ab2ba6288960a2892dfeef01336dc4be6f1b9ed02ab0a", size = 208759 },
    { url = "https://files.pythonhosted.org/packages/28/ea/fdd9813c1eafd333ad92464d57a4e3a82b37ae57c19497bcffa42df673e4/zope.interface-7.2-cp310-cp310-manylinux_2_17_aarch64.manylinux2014_aarch64.whl", hash = "sha256:550f1c6588ecc368c9ce13c44a49b8d6b6f3ca7588873c679bd8fd88a1b557b6", size = 254922 },
    { url = "https://files.pythonhosted.org/packages/3b/d3/0000a4d497ef9fbf4f66bb6828b8d0a235e690d57c333be877bec763722f/zope.interface-7.2-cp310-cp310-manylinux_2_5_i686.manylinux1_i686.manylinux_2_17_i686.manylinux2014_i686.whl", hash = "sha256:0ef9e2f865721553c6f22a9ff97da0f0216c074bd02b25cf0d3af60ea4d6931d", size = 249367 },
    { url = "https://files.pythonhosted.org/packages/3e/e5/0b359e99084f033d413419eff23ee9c2bd33bca2ca9f4e83d11856f22d10/zope.interface-7.2-cp310-cp310-manylinux_2_5_x86_64.manylinux1_x86_64.manylinux_2_17_x86_64.manylinux2014_x86_64.whl", hash = "sha256:27f926f0dcb058211a3bb3e0e501c69759613b17a553788b2caeb991bed3b61d", size = 254488 },
    { url = "https://files.pythonhosted.org/packages/7b/90/12d50b95f40e3b2fc0ba7f7782104093b9fd62806b13b98ef4e580f2ca61/zope.interface-7.2-cp310-cp310-win_amd64.whl", hash = "sha256:144964649eba4c5e4410bb0ee290d338e78f179cdbfd15813de1a664e7649b3b", size = 211947 },
    { url = "https://files.pythonhosted.org/packages/98/7d/2e8daf0abea7798d16a58f2f3a2bf7588872eee54ac119f99393fdd47b65/zope.interface-7.2-cp311-cp311-macosx_10_9_x86_64.whl", hash = "sha256:1909f52a00c8c3dcab6c4fad5d13de2285a4b3c7be063b239b8dc15ddfb73bd2", size = 208776 },
    { url = "https://files.pythonhosted.org/packages/a0/2a/0c03c7170fe61d0d371e4c7ea5b62b8cb79b095b3d630ca16719bf8b7b18/zope.interface-7.2-cp311-cp311-macosx_11_0_arm64.whl", hash = "sha256:80ecf2451596f19fd607bb09953f426588fc1e79e93f5968ecf3367550396b22", size = 209296 },
    { url = "https://files.pythonhosted.org/packages/49/b4/451f19448772b4a1159519033a5f72672221e623b0a1bd2b896b653943d8/zope.interface-7.2-cp311-cp311-manylinux_2_17_aarch64.manylinux2014_aarch64.whl", hash = "sha256:033b3923b63474800b04cba480b70f6e6243a62208071fc148354f3f89cc01b7", size = 260997 },
    { url = "https://files.pythonhosted.org/packages/65/94/5aa4461c10718062c8f8711161faf3249d6d3679c24a0b81dd6fc8ba1dd3/zope.interface-7.2-cp311-cp311-manylinux_2_5_i686.manylinux1_i686.manylinux_2_17_i686.manylinux2014_i686.whl", hash = "sha256:a102424e28c6b47c67923a1f337ede4a4c2bba3965b01cf707978a801fc7442c", size = 255038 },
    { url = "https://files.pythonhosted.org/packages/9f/aa/1a28c02815fe1ca282b54f6705b9ddba20328fabdc37b8cf73fc06b172f0/zope.interface-7.2-cp311-cp311-manylinux_2_5_x86_64.manylinux1_x86_64.manylinux_2_17_x86_64.manylinux2014_x86_64.whl", hash = "sha256:25e6a61dcb184453bb00eafa733169ab6d903e46f5c2ace4ad275386f9ab327a", size = 259806 },
    { url = "https://files.pythonhosted.org/packages/a7/2c/82028f121d27c7e68632347fe04f4a6e0466e77bb36e104c8b074f3d7d7b/zope.interface-7.2-cp311-cp311-win_amd64.whl", hash = "sha256:3f6771d1647b1fc543d37640b45c06b34832a943c80d1db214a37c31161a93f1", size = 212305 },
    { url = "https://files.pythonhosted.org/packages/68/0b/c7516bc3bad144c2496f355e35bd699443b82e9437aa02d9867653203b4a/zope.interface-7.2-cp312-cp312-macosx_10_9_x86_64.whl", hash = "sha256:086ee2f51eaef1e4a52bd7d3111a0404081dadae87f84c0ad4ce2649d4f708b7", size = 208959 },
    { url = "https://files.pythonhosted.org/packages/a2/e9/1463036df1f78ff8c45a02642a7bf6931ae4a38a4acd6a8e07c128e387a7/zope.interface-7.2-cp312-cp312-macosx_11_0_arm64.whl", hash = "sha256:21328fcc9d5b80768bf051faa35ab98fb979080c18e6f84ab3f27ce703bce465", size = 209357 },
    { url = "https://files.pythonhosted.org/packages/07/a8/106ca4c2add440728e382f1b16c7d886563602487bdd90004788d45eb310/zope.interface-7.2-cp312-cp312-manylinux_2_17_aarch64.manylinux2014_aarch64.whl", hash = "sha256:f6dd02ec01f4468da0f234da9d9c8545c5412fef80bc590cc51d8dd084138a89", size = 264235 },
    { url = "https://files.pythonhosted.org/packages/fc/ca/57286866285f4b8a4634c12ca1957c24bdac06eae28fd4a3a578e30cf906/zope.interface-7.2-cp312-cp312-manylinux_2_5_i686.manylinux1_i686.manylinux_2_17_i686.manylinux2014_i686.whl", hash = "sha256:8e7da17f53e25d1a3bde5da4601e026adc9e8071f9f6f936d0fe3fe84ace6d54", size = 259253 },
    { url = "https://files.pythonhosted.org/packages/96/08/2103587ebc989b455cf05e858e7fbdfeedfc3373358320e9c513428290b1/zope.interface-7.2-cp312-cp312-manylinux_2_5_x86_64.manylinux1_x86_64.manylinux_2_17_x86_64.manylinux2014_x86_64.whl", hash = "sha256:cab15ff4832580aa440dc9790b8a6128abd0b88b7ee4dd56abacbc52f212209d", size = 264702 },
    { url = "https://files.pythonhosted.org/packages/5f/c7/3c67562e03b3752ba4ab6b23355f15a58ac2d023a6ef763caaca430f91f2/zope.interface-7.2-cp312-cp312-win_amd64.whl", hash = "sha256:29caad142a2355ce7cfea48725aa8bcf0067e2b5cc63fcf5cd9f97ad12d6afb5", size = 212466 },
    { url = "https://files.pythonhosted.org/packages/c6/3b/e309d731712c1a1866d61b5356a069dd44e5b01e394b6cb49848fa2efbff/zope.interface-7.2-cp313-cp313-macosx_10_9_x86_64.whl", hash = "sha256:3e0350b51e88658d5ad126c6a57502b19d5f559f6cb0a628e3dc90442b53dd98", size = 208961 },
    { url = "https://files.pythonhosted.org/packages/49/65/78e7cebca6be07c8fc4032bfbb123e500d60efdf7b86727bb8a071992108/zope.interface-7.2-cp313-cp313-macosx_11_0_arm64.whl", hash = "sha256:15398c000c094b8855d7d74f4fdc9e73aa02d4d0d5c775acdef98cdb1119768d", size = 209356 },
    { url = "https://files.pythonhosted.org/packages/11/b1/627384b745310d082d29e3695db5f5a9188186676912c14b61a78bbc6afe/zope.interface-7.2-cp313-cp313-manylinux_2_17_aarch64.manylinux2014_aarch64.whl", hash = "sha256:802176a9f99bd8cc276dcd3b8512808716492f6f557c11196d42e26c01a69a4c", size = 264196 },
    { url = "https://files.pythonhosted.org/packages/b8/f6/54548df6dc73e30ac6c8a7ff1da73ac9007ba38f866397091d5a82237bd3/zope.interface-7.2-cp313-cp313-manylinux_2_5_i686.manylinux1_i686.manylinux_2_17_i686.manylinux2014_i686.whl", hash = "sha256:eb23f58a446a7f09db85eda09521a498e109f137b85fb278edb2e34841055398", size = 259237 },
    { url = "https://files.pythonhosted.org/packages/b6/66/ac05b741c2129fdf668b85631d2268421c5cd1a9ff99be1674371139d665/zope.interface-7.2-cp313-cp313-manylinux_2_5_x86_64.manylinux1_x86_64.manylinux_2_17_x86_64.manylinux2014_x86_64.whl", hash = "sha256:a71a5b541078d0ebe373a81a3b7e71432c61d12e660f1d67896ca62d9628045b", size = 264696 },
    { url = "https://files.pythonhosted.org/packages/0a/2f/1bccc6f4cc882662162a1158cda1a7f616add2ffe322b28c99cb031b4ffc/zope.interface-7.2-cp313-cp313-win_amd64.whl", hash = "sha256:4893395d5dd2ba655c38ceb13014fd65667740f09fa5bb01caa1e6284e48c0cd", size = 212472 },
]
